
Microsoft Visual Studio Solution File, Format Version 12.00
# Visual Studio 15
VisualStudioVersion = 15.0.26430.12
MinimumVisualStudioVersion = 10.0.40219.1
Project("{D954291E-2A0B-460D-934E-DC6B0785DB48}") = "PagarMe.Shared", "PagarMe.Shared\PagarMe.Shared.shproj", "{A1E35F76-C32B-4490-BB52-282A27E0A37D}"
EndProject
Project("{FAE04EC0-301F-11D3-BF4B-00C04F79EFBC}") = "PagarMe", "PagarMe\PagarMe.csproj", "{8D32C388-E31F-497B-BCF9-9D088CEB65AD}"
EndProject
Project("{FAE04EC0-301F-11D3-BF4B-00C04F79EFBC}") = "PagarMe.Pcl", "PagarMe.Pcl\PagarMe.Pcl.csproj", "{4DC3EB0F-6958-4D1B-902D-60532C325160}"
EndProject
Project("{FAE04EC0-301F-11D3-BF4B-00C04F79EFBC}") = "Playground", "Playground\Playground.csproj", "{4290E922-2AB8-40F6-8C42-73EC87B0F24E}"
EndProject
Project("{FAE04EC0-301F-11D3-BF4B-00C04F79EFBC}") = "PagarMe.Tests", "PagarMe.Tests\PagarMe.Tests.csproj", "{E4D37B6F-F6ED-4003-92CF-FB1AB373B4C2}"
EndProject
Project("{FAE04EC0-301F-11D3-BF4B-00C04F79EFBC}") = "PagarMe.Net40", "PagarMe.Net40\PagarMe.Net40.csproj", "{2EFDFE61-6D2E-41E5-B833-82564D3E8158}"
EndProject
Project("{2150E333-8FDC-42A3-9474-1A3956D46DE8}") = "Solution Items", "Solution Items", "{D2D45E69-D326-4650-84BF-F9C08AD4AFD4}"
	ProjectSection(SolutionItems) = preProject
		PagarMe.nuspec = PagarMe.nuspec
		PagarMe.Pcl.nuspec = PagarMe.Pcl.nuspec
	EndProjectSection
EndProject
Project("{FAE04EC0-301F-11D3-BF4B-00C04F79EFBC}") = "CoreTest", "CoreTest\CoreTest.csproj", "{08C03261-65DA-490A-B0B0-2BF01AE9C1C9}"
EndProject
Project("{FAE04EC0-301F-11D3-BF4B-00C04F79EFBC}") = "PagarMe.Core", "PagarMe.Core\PagarMe.Core.csproj", "{4854D376-B62C-4AA8-80B2-950A32961C75}"
EndProject
Project("{FAE04EC0-301F-11D3-BF4B-00C04F79EFBC}") = "PagarMe.Standard", "PagarMe.Standard\PagarMe.Standard.csproj", "{2FFABE6C-8F43-4F69-8964-926933DBA29B}"
EndProject
Global
	GlobalSection(SharedMSBuildProjectFiles) = preSolution
		PagarMe.Shared\PagarMe.Shared.projitems*{2efdfe61-6d2e-41e5-b833-82564d3e8158}*SharedItemsImports = 4
		PagarMe.Shared\PagarMe.Shared.projitems*{4dc3eb0f-6958-4d1b-902d-60532c325160}*SharedItemsImports = 4
		PagarMe.Shared\PagarMe.Shared.projitems*{8d32c388-e31f-497b-bcf9-9d088ceb65ad}*SharedItemsImports = 4
		PagarMe.Shared\PagarMe.Shared.projitems*{a1e35f76-c32b-4490-bb52-282a27e0a37d}*SharedItemsImports = 13
	EndGlobalSection
	GlobalSection(SolutionConfigurationPlatforms) = preSolution
		Debug|Any CPU = Debug|Any CPU
		Release|Any CPU = Release|Any CPU
	EndGlobalSection
	GlobalSection(ProjectConfigurationPlatforms) = postSolution
		{8D32C388-E31F-497B-BCF9-9D088CEB65AD}.Debug|Any CPU.ActiveCfg = Debug|Any CPU
		{8D32C388-E31F-497B-BCF9-9D088CEB65AD}.Debug|Any CPU.Build.0 = Debug|Any CPU
		{8D32C388-E31F-497B-BCF9-9D088CEB65AD}.Release|Any CPU.ActiveCfg = Release|Any CPU
		{8D32C388-E31F-497B-BCF9-9D088CEB65AD}.Release|Any CPU.Build.0 = Release|Any CPU
		{4DC3EB0F-6958-4D1B-902D-60532C325160}.Debug|Any CPU.ActiveCfg = Debug|Any CPU
		{4DC3EB0F-6958-4D1B-902D-60532C325160}.Debug|Any CPU.Build.0 = Debug|Any CPU
		{4DC3EB0F-6958-4D1B-902D-60532C325160}.Release|Any CPU.ActiveCfg = Release|Any CPU
		{4DC3EB0F-6958-4D1B-902D-60532C325160}.Release|Any CPU.Build.0 = Release|Any CPU
		{4290E922-2AB8-40F6-8C42-73EC87B0F24E}.Debug|Any CPU.ActiveCfg = Debug|Any CPU
		{4290E922-2AB8-40F6-8C42-73EC87B0F24E}.Debug|Any CPU.Build.0 = Debug|Any CPU
		{4290E922-2AB8-40F6-8C42-73EC87B0F24E}.Release|Any CPU.ActiveCfg = Release|Any CPU
		{4290E922-2AB8-40F6-8C42-73EC87B0F24E}.Release|Any CPU.Build.0 = Release|Any CPU
		{E4D37B6F-F6ED-4003-92CF-FB1AB373B4C2}.Debug|Any CPU.ActiveCfg = Debug|Any CPU
		{E4D37B6F-F6ED-4003-92CF-FB1AB373B4C2}.Debug|Any CPU.Build.0 = Debug|Any CPU
		{E4D37B6F-F6ED-4003-92CF-FB1AB373B4C2}.Release|Any CPU.ActiveCfg = Release|Any CPU
		{E4D37B6F-F6ED-4003-92CF-FB1AB373B4C2}.Release|Any CPU.Build.0 = Release|Any CPU
		{2EFDFE61-6D2E-41E5-B833-82564D3E8158}.Debug|Any CPU.ActiveCfg = Debug|Any CPU
		{2EFDFE61-6D2E-41E5-B833-82564D3E8158}.Release|Any CPU.ActiveCfg = Release|Any CPU
		{2EFDFE61-6D2E-41E5-B833-82564D3E8158}.Release|Any CPU.Build.0 = Release|Any CPU
		{08C03261-65DA-490A-B0B0-2BF01AE9C1C9}.Debug|Any CPU.ActiveCfg = Debug|Any CPU
		{08C03261-65DA-490A-B0B0-2BF01AE9C1C9}.Debug|Any CPU.Build.0 = Debug|Any CPU
		{08C03261-65DA-490A-B0B0-2BF01AE9C1C9}.Release|Any CPU.ActiveCfg = Release|Any CPU
		{08C03261-65DA-490A-B0B0-2BF01AE9C1C9}.Release|Any CPU.Build.0 = Release|Any CPU
		{4854D376-B62C-4AA8-80B2-950A32961C75}.Debug|Any CPU.ActiveCfg = Debug|Any CPU
		{4854D376-B62C-4AA8-80B2-950A32961C75}.Debug|Any CPU.Build.0 = Debug|Any CPU
		{4854D376-B62C-4AA8-80B2-950A32961C75}.Release|Any CPU.ActiveCfg = Release|Any CPU
		{4854D376-B62C-4AA8-80B2-950A32961C75}.Release|Any CPU.Build.0 = Release|Any CPU
		{2FFABE6C-8F43-4F69-8964-926933DBA29B}.Debug|Any CPU.ActiveCfg = Debug|Any CPU
		{2FFABE6C-8F43-4F69-8964-926933DBA29B}.Debug|Any CPU.Build.0 = Debug|Any CPU
		{2FFABE6C-8F43-4F69-8964-926933DBA29B}.Release|Any CPU.ActiveCfg = Release|Any CPU
		{2FFABE6C-8F43-4F69-8964-926933DBA29B}.Release|Any CPU.Build.0 = Release|Any CPU
	EndGlobalSection
	GlobalSection(SolutionProperties) = preSolution
		HideSolutionNode = FALSE
	EndGlobalSection
	GlobalSection(MonoDevelopProperties) = preSolution
		Policies = $0
		$0.DotNetNamingPolicy = $1
		$1.DirectoryNamespaceAssociation = Hierarchical
		$0.VersionControlPolicy = $2
		$0.TextStylePolicy = $3
		$3.scope = text/plain
		$0.CSharpFormattingPolicy = $4
		$4.scope = text/x-csharp
		$0.StandardHeader = $5
		$0.NameConventionPolicy = $6
		$6.Rules = $7
		$7.NamingRule = $8
		$8.Name = Type Parameters
		$8.AffectedEntity = TypeParameter
		$8.VisibilityMask = VisibilityMask
		$8.NamingStyle = PascalCase
		$8.IncludeInstanceMembers = True
		$8.IncludeStaticEntities = True
		$8.RequiredPrefixes = $9
		$9.String = T
		$8.RequiredSuffixes = $10
		$10.String = Exception
		$0.TextStylePolicy = $11
		$11.TabsToSpaces = True
		$11.scope = text/x-csharp
	EndGlobalSection
EndGlobal
